// !$*UTF8*$!
{
	archiveVersion = 1;
	classes = {
	};
	objectVersion = 77;
	objects = {

/* Begin PBXContainerItemProxy section */
		7FE4986A2DCBC90B00B7064A /* PBXContainerItemProxy */ = {
			isa = PBXContainerItemProxy;
			containerPortal = 7FE498502DCBC90A00B7064A /* Project object */;
			proxyType = 1;
			remoteGlobalIDString = 7FE498572DCBC90A00B7064A;
			remoteInfo = DimensionApp;
		};
		7FE498742DCBC90B00B7064A /* PBXContainerItemProxy */ = {
			isa = PBXContainerItemProxy;
			containerPortal = 7FE498502DCBC90A00B7064A /* Project object */;
			proxyType = 1;
			remoteGlobalIDString = 7FE498572DCBC90A00B7064A;
			remoteInfo = DimensionApp;
		};
/* End PBXContainerItemProxy section */

/* Begin PBXFileReference section */
		7FE498582DCBC90A00B7064A /* DimensionApp.app */ = {isa = PBXFileReference; explicitFileType = wrapper.application; includeInIndex = 0; path = DimensionApp.app; sourceTree = BUILT_PRODUCTS_DIR; };
		7FE498692DCBC90B00B7064A /* DimensionAppTests.xctest */ = {isa = PBXFileReference; explicitFileType = wrapper.cfbundle; includeInIndex = 0; path = DimensionAppTests.xctest; sourceTree = BUILT_PRODUCTS_DIR; };
		7FE498732DCBC90B00B7064A /* DimensionAppUITests.xctest */ = {isa = PBXFileReference; explicitFileType = wrapper.cfbundle; includeInIndex = 0; path = DimensionAppUITests.xctest; sourceTree = BUILT_PRODUCTS_DIR; };
/* End PBXFileReference section */

/* Begin PBXFileSystemSynchronizedRootGroup section */
		7FE4985A2DCBC90A00B7064A /* DimensionApp */ = {
			isa = PBXFileSystemSynchronizedRootGroup;
			path = DimensionApp;
			sourceTree = "<group>";
		};
		7FE4986C2DCBC90B00B7064A /* DimensionAppTests */ = {
			isa = PBXFileSystemSynchronizedRootGroup;
			path = DimensionAppTests;
			sourceTree = "<group>";
		};
		7FE498762DCBC90B00B7064A /* DimensionAppUITests */ = {
			isa = PBXFileSystemSynchronizedRootGroup;
			path = DimensionAppUITests;
			sourceTree = "<group>";
		};
/* End PBXFileSystemSynchronizedRootGroup section */

/* Begin PBXFrameworksBuildPhase section */
		7FE498552DCBC90A00B7064A /* Frameworks */ = {
			isa = PBXFrameworksBuildPhase;
			buildActionMask = 2147483647;
			files = (
			);
			runOnlyForDeploymentPostprocessing = 0;
		};
		7FE498662DCBC90B00B7064A /* Frameworks */ = {
			isa = PBXFrameworksBuildPhase;
			buildActionMask = 2147483647;
			files = (
			);
			runOnlyForDeploymentPostprocessing = 0;
		};
		7FE498702DCBC90B00B7064A /* Frameworks */ = {
			isa = PBXFrameworksBuildPhase;
			buildActionMask = 2147483647;
			files = (
			);
			runOnlyForDeploymentPostprocessing = 0;
		};
/* End PBXFrameworksBuildPhase section */

/* Begin PBXGroup section */
		7FE4984F2DCBC90A00B7064A = {
			isa = PBXGroup;
			children = (
				7FE4985A2DCBC90A00B7064A /* DimensionApp */,
				7FE4986C2DCBC90B00B7064A /* DimensionAppTests */,
				7FE498762DCBC90B00B7064A /* DimensionAppUITests */,
				7FE498592DCBC90A00B7064A /* Products */,
			);
			sourceTree = "<group>";
		};
		7FE498592DCBC90A00B7064A /* Products */ = {
			isa = PBXGroup;
			children = (
				7FE498582DCBC90A00B7064A /* DimensionApp.app */,
				7FE498692DCBC90B00B7064A /* DimensionAppTests.xctest */,
				7FE498732DCBC90B00B7064A /* DimensionAppUITests.xctest */,
			);
			name = Products;
			sourceTree = "<group>";
		};
/* End PBXGroup section */

/* Begin PBXNativeTarget section */
		7FE498572DCBC90A00B7064A /* DimensionApp */ = {
			isa = PBXNativeTarget;
			buildConfigurationList = 7FE4987D2DCBC90B00B7064A /* Build configuration list for PBXNativeTarget "DimensionApp" */;
			buildPhases = (
				7FE498542DCBC90A00B7064A /* Sources */,
				7FE498552DCBC90A00B7064A /* Frameworks */,
				7FE498562DCBC90A00B7064A /* Resources */,
			);
			buildRules = (
			);
			dependencies = (
			);
			fileSystemSynchronizedGroups = (
				7FE4985A2DCBC90A00B7064A /* DimensionApp */,
			);
			name = DimensionApp;
			packageProductDependencies = (
			);
			productName = DimensionApp;
			productReference = 7FE498582DCBC90A00B7064A /* DimensionApp.app */;
			productType = "com.apple.product-type.application";
		};
		7FE498682DCBC90B00B7064A /* DimensionAppTests */ = {
			isa = PBXNativeTarget;
			buildConfigurationList = 7FE498802DCBC90B00B7064A /* Build configuration list for PBXNativeTarget "DimensionAppTests" */;
			buildPhases = (
				7FE498652DCBC90B00B7064A /* Sources */,
				7FE498662DCBC90B00B7064A /* Frameworks */,
				7FE498672DCBC90B00B7064A /* Resources */,
			);
			buildRules = (
			);
			dependencies = (
				7FE4986B2DCBC90B00B7064A /* PBXTargetDependency */,
			);
			fileSystemSynchronizedGroups = (
				7FE4986C2DCBC90B00B7064A /* DimensionAppTests */,
			);
			name = DimensionAppTests;
			packageProductDependencies = (
			);
			productName = DimensionAppTests;
			productReference = 7FE498692DCBC90B00B7064A /* DimensionAppTests.xctest */;
			productType = "com.apple.product-type.bundle.unit-test";
		};
		7FE498722DCBC90B00B7064A /* DimensionAppUITests */ = {
			isa = PBXNativeTarget;
			buildConfigurationList = 7FE498832DCBC90B00B7064A /* Build configuration list for PBXNativeTarget "DimensionAppUITests" */;
			buildPhases = (
				7FE4986F2DCBC90B00B7064A /* Sources */,
				7FE498702DCBC90B00B7064A /* Frameworks */,
				7FE498712DCBC90B00B7064A /* Resources */,
			);
			buildRules = (
			);
			dependencies = (
				7FE498752DCBC90B00B7064A /* PBXTargetDependency */,
			);
			fileSystemSynchronizedGroups = (
				7FE498762DCBC90B00B7064A /* DimensionAppUITests */,
			);
			name = DimensionAppUITests;
			packageProductDependencies = (
			);
			productName = DimensionAppUITests;
			productReference = 7FE498732DCBC90B00B7064A /* DimensionAppUITests.xctest */;
			productType = "com.apple.product-type.bundle.ui-testing";
		};
/* End PBXNativeTarget section */

/* Begin PBXProject section */
		7FE498502DCBC90A00B7064A /* Project object */ = {
			isa = PBXProject;
			attributes = {
				BuildIndependentTargetsInParallel = 1;
				LastSwiftUpdateCheck = 1620;
				LastUpgradeCheck = 1620;
				TargetAttributes = {
					7FE498572DCBC90A00B7064A = {
						CreatedOnToolsVersion = 16.2;
					};
					7FE498682DCBC90B00B7064A = {
						CreatedOnToolsVersion = 16.2;
						TestTargetID = 7FE498572DCBC90A00B7064A;
					};
					7FE498722DCBC90B00B7064A = {
						CreatedOnToolsVersion = 16.2;
						TestTargetID = 7FE498572DCBC90A00B7064A;
					};
				};
			};
			buildConfigurationList = 7FE498532DCBC90A00B7064A /* Build configuration list for PBXProject "DimensionApp" */;
			developmentRegion = en;
			hasScannedForEncodings = 0;
			knownRegions = (
				en,
				Base,
			);
			mainGroup = 7FE4984F2DCBC90A00B7064A;
			minimizedProjectReferenceProxies = 1;
			preferredProjectObjectVersion = 77;
			productRefGroup = 7FE498592DCBC90A00B7064A /* Products */;
			projectDirPath = "";
			projectRoot = "";
			targets = (
				7FE498572DCBC90A00B7064A /* DimensionApp */,
				7FE498682DCBC90B00B7064A /* DimensionAppTests */,
				7FE498722DCBC90B00B7064A /* DimensionAppUITests */,
			);
		};
/* End PBXProject section */

/* Begin PBXResourcesBuildPhase section */
		7FE498562DCBC90A00B7064A /* Resources */ = {
			isa = PBXResourcesBuildPhase;
			buildActionMask = 2147483647;
			files = (
			);
			runOnlyForDeploymentPostprocessing = 0;
		};
		7FE498672DCBC90B00B7064A /* Resources */ = {
			isa = PBXResourcesBuildPhase;
			buildActionMask = 2147483647;
			files = (
			);
			runOnlyForDeploymentPostprocessing = 0;
		};
		7FE498712DCBC90B00B7064A /* Resources */ = {
			isa = PBXResourcesBuildPhase;
			buildActionMask = 2147483647;
			files = (
			);
			runOnlyForDeploymentPostprocessing = 0;
		};
/* End PBXResourcesBuildPhase section */

/* Begin PBXSourcesBuildPhase section */
		7FE498542DCBC90A00B7064A /* Sources */ = {
			isa = PBXSourcesBuildPhase;
			buildActionMask = 2147483647;
			files = (
			);
			runOnlyForDeploymentPostprocessing = 0;
		};
		7FE498652DCBC90B00B7064A /* Sources */ = {
			isa = PBXSourcesBuildPhase;
			buildActionMask = 2147483647;
			files = (
			);
			runOnlyForDeploymentPostprocessing = 0;
		};
		7FE4986F2DCBC90B00B7064A /* Sources */ = {
			isa = PBXSourcesBuildPhase;
			buildActionMask = 2147483647;
			files = (
			);
			runOnlyForDeploymentPostprocessing = 0;
		};
/* End PBXSourcesBuildPhase section */

/* Begin PBXTargetDependency section */
		7FE4986B2DCBC90B00B7064A /* PBXTargetDependency */ = {
			isa = PBXTargetDependency;
			target = 7FE498572DCBC90A00B7064A /* DimensionApp */;
			targetProxy = 7FE4986A2DCBC90B00B7064A /* PBXContainerItemProxy */;
		};
		7FE498752DCBC90B00B7064A /* PBXTargetDependency */ = {
			isa = PBXTargetDependency;
			target = 7FE498572DCBC90A00B7064A /* DimensionApp */;
			targetProxy = 7FE498742DCBC90B00B7064A /* PBXContainerItemProxy */;
		};
/* End PBXTargetDependency section */

/* Begin XCBuildConfiguration section */
		7FE4987B2DCBC90B00B7064A /* Debug */ = {
			isa = XCBuildConfiguration;
			buildSettings = {
				ALWAYS_SEARCH_USER_PATHS = NO;
				ASSETCATALOG_COMPILER_GENERATE_SWIFT_ASSET_SYMBOL_EXTENSIONS = YES;
				CLANG_ANALYZER_NONNULL = YES;
				CLANG_ANALYZER_NUMBER_OBJECT_CONVERSION = YES_AGGRESSIVE;
				CLANG_CXX_LANGUAGE_STANDARD = "gnu++20";
				CLANG_ENABLE_MODULES = YES;
				CLANG_ENABLE_OBJC_ARC = YES;
				CLANG_ENABLE_OBJC_WEAK = YES;
				CLANG_WARN_BLOCK_CAPTURE_AUTORELEASING = YES;
				CLANG_WARN_BOOL_CONVERSION = YES;
				CLANG_WARN_COMMA = YES;
				CLANG_WARN_CONSTANT_CONVERSION = YES;
				CLANG_WARN_DEPRECATED_OBJC_IMPLEMENTATIONS = YES;
				CLANG_WARN_DIRECT_OBJC_ISA_USAGE = YES_ERROR;
				CLANG_WARN_DOCUMENTATION_COMMENTS = YES;
				CLANG_WARN_EMPTY_BODY = YES;
				CLANG_WARN_ENUM_CONVERSION = YES;
				CLANG_WARN_INFINITE_RECURSION = YES;
				CLANG_WARN_INT_CONVERSION = YES;
				CLANG_WARN_NON_LITERAL_NULL_CONVERSION = YES;
				CLANG_WARN_OBJC_IMPLICIT_RETAIN_SELF = YES;
				CLANG_WARN_OBJC_LITERAL_CONVERSION = YES;
				CLANG_WARN_OBJC_ROOT_CLASS = YES_ERROR;
				CLANG_WARN_QUOTED_INCLUDE_IN_FRAMEWORK_HEADER = YES;
				CLANG_WARN_RANGE_LOOP_ANALYSIS = YES;
				CLANG_WARN_STRICT_PROTOTYPES = YES;
				CLANG_WARN_SUSPICIOUS_MOVE = YES;
				CLANG_WARN_UNGUARDED_AVAILABILITY = YES_AGGRESSIVE;
				CLANG_WARN_UNREACHABLE_CODE = YES;
				CLANG_WARN__DUPLICATE_METHOD_MATCH = YES;
				COPY_PHASE_STRIP = NO;
				DEBUG_INFORMATION_FORMAT = dwarf;
				ENABLE_STRICT_OBJC_MSGSEND = YES;
				ENABLE_TESTABILITY = YES;
				ENABLE_USER_SCRIPT_SANDBOXING = YES;
				GCC_C_LANGUAGE_STANDARD = gnu17;
				GCC_DYNAMIC_NO_PIC = NO;
				GCC_NO_COMMON_BLOCKS = YES;
				GCC_OPTIMIZATION_LEVEL = 0;
				GCC_PREPROCESSOR_DEFINITIONS = (
					"DEBUG=1",
					"$(inherited)",
				);
				GCC_WARN_64_TO_32_BIT_CONVERSION = YES;
				GCC_WARN_ABOUT_RETURN_TYPE = YES_ERROR;
				GCC_WARN_UNDECLARED_SELECTOR = YES;
				GCC_WARN_UNINITIALIZED_AUTOS = YES_AGGRESSIVE;
				GCC_WARN_UNUSED_FUNCTION = YES;
				GCC_WARN_UNUSED_VARIABLE = YES;
				LOCALIZATION_PREFERS_STRING_CATALOGS = YES;
				MACOSX_DEPLOYMENT_TARGET = 15.2;
				MTL_ENABLE_DEBUG_INFO = INCLUDE_SOURCE;
				MTL_FAST_MATH = YES;
				ONLY_ACTIVE_ARCH = YES;
				SDKROOT = macosx;
				SWIFT_ACTIVE_COMPILATION_CONDITIONS = "DEBUG $(inherited)";
				SWIFT_OPTIMIZATION_LEVEL = "-Onone";
			};
			name = Debug;
		};
		7FE4987C2DCBC90B00B7064A /* Release */ = {
			isa = XCBuildConfiguration;
			buildSettings = {
				ALWAYS_SEARCH_USER_PATHS = NO;
				ASSETCATALOG_COMPILER_GENERATE_SWIFT_ASSET_SYMBOL_EXTENSIONS = YES;
				CLANG_ANALYZER_NONNULL = YES;
				CLANG_ANALYZER_NUMBER_OBJECT_CONVERSION = YES_AGGRESSIVE;
				CLANG_CXX_LANGUAGE_STANDARD = "gnu++20";
				CLANG_ENABLE_MODULES = YES;
				CLANG_ENABLE_OBJC_ARC = YES;
				CLANG_ENABLE_OBJC_WEAK = YES;
				CLANG_WARN_BLOCK_CAPTURE_AUTORELEASING = YES;
				CLANG_WARN_BOOL_CONVERSION = YES;
				CLANG_WARN_COMMA = YES;
				CLANG_WARN_CONSTANT_CONVERSION = YES;
				CLANG_WARN_DEPRECATED_OBJC_IMPLEMENTATIONS = YES;
				CLANG_WARN_DIRECT_OBJC_ISA_USAGE = YES_ERROR;
				CLANG_WARN_DOCUMENTATION_COMMENTS = YES;
				CLANG_WARN_EMPTY_BODY = YES;
				CLANG_WARN_ENUM_CONVERSION = YES;
				CLANG_WARN_INFINITE_RECURSION = YES;
				CLANG_WARN_INT_CONVERSION = YES;
				CLANG_WARN_NON_LITERAL_NULL_CONVERSION = YES;
				CLANG_WARN_OBJC_IMPLICIT_RETAIN_SELF = YES;
				CLANG_WARN_OBJC_LITERAL_CONVERSION = YES;
				CLANG_WARN_OBJC_ROOT_CLASS = YES_ERROR;
				CLANG_WARN_QUOTED_INCLUDE_IN_FRAMEWORK_HEADER = YES;
				CLANG_WARN_RANGE_LOOP_ANALYSIS = YES;
				CLANG_WARN_STRICT_PROTOTYPES = YES;
				CLANG_WARN_SUSPICIOUS_MOVE = YES;
				CLANG_WARN_UNGUARDED_AVAILABILITY = YES_AGGRESSIVE;
				CLANG_WARN_UNREACHABLE_CODE = YES;
				CLANG_WARN__DUPLICATE_METHOD_MATCH = YES;
				COPY_PHASE_STRIP = NO;
				DEBUG_INFORMATION_FORMAT = "dwarf-with-dsym";
				ENABLE_NS_ASSERTIONS = NO;
				ENABLE_STRICT_OBJC_MSGSEND = YES;
				ENABLE_USER_SCRIPT_SANDBOXING = YES;
				GCC_C_LANGUAGE_STANDARD = gnu17;
				GCC_NO_COMMON_BLOCKS = YES;
				GCC_WARN_64_TO_32_BIT_CONVERSION = YES;
				GCC_WARN_ABOUT_RETURN_TYPE = YES_ERROR;
				GCC_WARN_UNDECLARED_SELECTOR = YES;
				GCC_WARN_UNINITIALIZED_AUTOS = YES_AGGRESSIVE;
				GCC_WARN_UNUSED_FUNCTION = YES;
				GCC_WARN_UNUSED_VARIABLE = YES;
				LOCALIZATION_PREFERS_STRING_CATALOGS = YES;
				MACOSX_DEPLOYMENT_TARGET = 15.2;
				MTL_ENABLE_DEBUG_INFO = NO;
				MTL_FAST_MATH = YES;
				SDKROOT = macosx;
				SWIFT_COMPILATION_MODE = wholemodule;
			};
			name = Release;
		};
		7FE4987E2DCBC90B00B7064A /* Debug */ = {
			isa = XCBuildConfiguration;
			buildSettings = {
				ASSETCATALOG_COMPILER_APPICON_NAME = AppIcon;
				ASSETCATALOG_COMPILER_GLOBAL_ACCENT_COLOR_NAME = AccentColor;
				CODE_SIGN_ENTITLEMENTS = DimensionApp/DimensionApp.entitlements;
				CODE_SIGN_STYLE = Automatic;
				COMBINE_HIDPI_IMAGES = YES;
				CURRENT_PROJECT_VERSION = 1;
				DEVELOPMENT_ASSET_PATHS = "\"DimensionApp/Preview Content\"";
				DEVELOPMENT_TEAM = BHK6J49AS7;
				ENABLE_HARDENED_RUNTIME = YES;
				ENABLE_PREVIEWS = YES;
				GENERATE_INFOPLIST_FILE = YES;
				INFOPLIST_KEY_NSHumanReadableCopyright = "";
				LD_RUNPATH_SEARCH_PATHS = (
					"$(inherited)",
					"@executable_path/../Frameworks",
				);
				MARKETING_VERSION = 1.0;
				PRODUCT_BUNDLE_IDENTIFIER = Kefka.DimensionApp;
				PRODUCT_NAME = "$(TARGET_NAME)";
				SWIFT_EMIT_LOC_STRINGS = YES;
				SWIFT_VERSION = 5.0;
			};
			name = Debug;
		};
		7FE4987F2DCBC90B00B7064A /* Release */ = {
			isa = XCBuildConfiguration;
			buildSettings = {
				ASSETCATALOG_COMPILER_APPICON_NAME = AppIcon;
				ASSETCATALOG_COMPILER_GLOBAL_ACCENT_COLOR_NAME = AccentColor;
				CODE_SIGN_ENTITLEMENTS = DimensionApp/DimensionApp.entitlements;
				CODE_SIGN_STYLE = Automatic;
				COMBINE_HIDPI_IMAGES = YES;
				CURRENT_PROJECT_VERSION = 1;
				DEVELOPMENT_ASSET_PATHS = "\"DimensionApp/Preview Content\"";
				DEVELOPMENT_TEAM = BHK6J49AS7;
				ENABLE_HARDENED_RUNTIME = YES;
				ENABLE_PREVIEWS = YES;
				GENERATE_INFOPLIST_FILE = YES;
				INFOPLIST_KEY_NSHumanReadableCopyright = "";
				LD_RUNPATH_SEARCH_PATHS = (
					"$(inherited)",
					"@executable_path/../Frameworks",
				);
				MARKETING_VERSION = 1.0;
				PRODUCT_BUNDLE_IDENTIFIER = Kefka.DimensionApp;
				PRODUCT_NAME = "$(TARGET_NAME)";
				SWIFT_EMIT_LOC_STRINGS = YES;
				SWIFT_VERSION = 5.0;
			};
			name = Release;
		};
		7FE498812DCBC90B00B7064A /* Debug */ = {
			isa = XCBuildConfiguration;
			buildSettings = {
				BUNDLE_LOADER = "$(TEST_HOST)";
				CODE_SIGN_STYLE = Automatic;
				CURRENT_PROJECT_VERSION = 1;
				DEVELOPMENT_TEAM = BHK6J49AS7;
				GENERATE_INFOPLIST_FILE = YES;
				MACOSX_DEPLOYMENT_TARGET = 15.2;
				MARKETING_VERSION = 1.0;
				PRODUCT_BUNDLE_IDENTIFIER = Kefka.DimensionAppTests;
				PRODUCT_NAME = "$(TARGET_NAME)";
				SWIFT_EMIT_LOC_STRINGS = NO;
				SWIFT_VERSION = 5.0;
				TEST_HOST = "$(BUILT_PRODUCTS_DIR)/DimensionApp.app/$(BUNDLE_EXECUTABLE_FOLDER_PATH)/DimensionApp";
			};
			name = Debug;
		};
		7FE498822DCBC90B00B7064A /* Release */ = {
			isa = XCBuildConfiguration;
			buildSettings = {
				BUNDLE_LOADER = "$(TEST_HOST)";
				CODE_SIGN_STYLE = Automatic;
				CURRENT_PROJECT_VERSION = 1;
				DEVELOPMENT_TEAM = BHK6J49AS7;
				GENERATE_INFOPLIST_FILE = YES;
				MACOSX_DEPLOYMENT_TARGET = 15.2;
				MARKETING_VERSION = 1.0;
				PRODUCT_BUNDLE_IDENTIFIER = Kefka.DimensionAppTests;
				PRODUCT_NAME = "$(TARGET_NAME)";
				SWIFT_EMIT_LOC_STRINGS = NO;
				SWIFT_VERSION = 5.0;
				TEST_HOST = "$(BUILT_PRODUCTS_DIR)/DimensionApp.app/$(BUNDLE_EXECUTABLE_FOLDER_PATH)/DimensionApp";
			};
			name = Release;
		};
		7FE498842DCBC90B00B7064A /* Debug */ = {
			isa = XCBuildConfiguration;
			buildSettings = {
				CODE_SIGN_STYLE = Automatic;
				CURRENT_PROJECT_VERSION = 1;
				DEVELOPMENT_TEAM = BHK6J49AS7;
				GENERATE_INFOPLIST_FILE = YES;
				MARKETING_VERSION = 1.0;
				PRODUCT_BUNDLE_IDENTIFIER = Kefka.DimensionAppUITests;
				PRODUCT_NAME = "$(TARGET_NAME)";
				SWIFT_EMIT_LOC_STRINGS = NO;
				SWIFT_VERSION = 5.0;
				TEST_TARGET_NAME = DimensionApp;
			};
			name = Debug;
		};
		7FE498852DCBC90B00B7064A /* Release */ = {
			isa = XCBuildConfiguration;
			buildSettings = {
				CODE_SIGN_STYLE = Automatic;
				CURRENT_PROJECT_VERSION = 1;
				DEVELOPMENT_TEAM = BHK6J49AS7;
				GENERATE_INFOPLIST_FILE = YES;
				MARKETING_VERSION = 1.0;
				PRODUCT_BUNDLE_IDENTIFIER = Kefka.DimensionAppUITests;
				PRODUCT_NAME = "$(TARGET_NAME)";
				SWIFT_EMIT_LOC_STRINGS = NO;
				SWIFT_VERSION = 5.0;
				TEST_TARGET_NAME = DimensionApp;
			};
			name = Release;
		};
/* End XCBuildConfiguration section */

/* Begin XCConfigurationList section */
		7FE498532DCBC90A00B7064A /* Build configuration list for PBXProject "DimensionApp" */ = {
			isa = XCConfigurationList;
			buildConfigurations = (
				7FE4987B2DCBC90B00B7064A /* Debug */,
				7FE4987C2DCBC90B00B7064A /* Release */,
			);
			defaultConfigurationIsVisible = 0;
			defaultConfigurationName = Release;
		};
		7FE4987D2DCBC90B00B7064A /* Build configuration list for PBXNativeTarget "DimensionApp" */ = {
			isa = XCConfigurationList;
			buildConfigurations = (
				7FE4987E2DCBC90B00B7064A /* Debug */,
				7FE4987F2DCBC90B00B7064A /* Release */,
			);
			defaultConfigurationIsVisible = 0;
			defaultConfigurationName = Release;
		};
		7FE498802DCBC90B00B7064A /* Build configuration list for PBXNativeTarget "DimensionAppTests" */ = {
			isa = XCConfigurationList;
			buildConfigurations = (
				7FE498812DCBC90B00B7064A /* Debug */,
				7FE498822DCBC90B00B7064A /* Release */,
			);
			defaultConfigurationIsVisible = 0;
			defaultConfigurationName = Release;
		};
		7FE498832DCBC90B00B7064A /* Build configuration list for PBXNativeTarget "DimensionAppUITests" */ = {
			isa = XCConfigurationList;
			buildConfigurations = (
				7FE498842DCBC90B00B7064A /* Debug */,
				7FE498852DCBC90B00B7064A /* Release */,
			);
			defaultConfigurationIsVisible = 0;
			defaultConfigurationName = Release;
		};
/* End XCConfigurationList section */
	};
	rootObject = 7FE498502DCBC90A00B7064A /* Project object */;
}
